
Microsoft Visual Studio Solution File, Format Version 12.00
# Visual Studio Version 17
VisualStudioVersion = 17.3.32901.215
MinimumVisualStudioVersion = 10.0.40219.1
Project("{8BC9CEB8-8B4A-11D0-8D11-00A0C91BC942}") = "Project1", "Project1\Project1.vcxproj", "{F8F32336-35A0-40B2-82E9-927D641AA748}"
EndProject
Global
	GlobalSection(SolutionConfigurationPlatforms) = preSolution
		Debug|x64 = Debug|x64
		Debug|x86 = Debug|x86
		Release|x64 = Release|x64
		Release|x86 = Release|x86
	EndGlobalSection
	GlobalSection(ProjectConfigurationPlatforms) = postSolution
		{F8F32336-35A0-40B2-82E9-927D641AA748}.Debug|x64.ActiveCfg = Debug|x64
		{F8F32336-35A0-40B2-82E9-927D641AA748}.Debug|x64.Build.0 = Debug|x64
		{F8F32336-35A0-40B2-82E9-927D641AA748}.Debug|x86.ActiveCfg = Debug|Win32
		{F8F32336-35A0-40B2-82E9-927D641AA748}.Debug|x86.Build.0 = Debug|Win32
		{F8F32336-35A0-40B2-82E9-927D641AA748}.Release|x64.ActiveCfg = Release|x64
		{F8F32336-35A0-40B2-82E9-927D641AA748}.Release|x64.Build.0 = Release|x64
		{F8F32336-35A0-40B2-82E9-927D641AA748}.Release|x86.ActiveCfg = Release|Win32
		{F8F32336-35A0-40B2-82E9-927D641AA748}.Release|x86.Build.0 = Release|Win32
	EndGlobalSection
	GlobalSection(SolutionProperties) = preSolution
		HideSolutionNode = FALSE
	EndGlobalSection
	GlobalSection(ExtensibilityGlobals) = postSolution
		SolutionGuid = {68689A06-43E3-41E5-A82D-F9C346202CFA}
	EndGlobalSection
EndGlobal
